
Microsoft Visual Studio Solution File, Format Version 12.00
# Visual Studio Version 17
VisualStudioVersion = 17.5.33530.505
MinimumVisualStudioVersion = 10.0.40219.1
Project("{FAE04EC0-301F-11D3-BF4B-00C04F79EFBC}") = "Katya-Lab-OOP-2-5", "Katya-Lab-OOP-2-5\Katya-Lab-OOP-2-5.csproj", "{834FCFCB-5014-4649-96D3-CE39D619F7A7}"
EndProject
Global
	GlobalSection(SolutionConfigurationPlatforms) = preSolution
		Debug|Any CPU = Debug|Any CPU
		Release|Any CPU = Release|Any CPU
	EndGlobalSection
	GlobalSection(ProjectConfigurationPlatforms) = postSolution
		{834FCFCB-5014-4649-96D3-CE39D619F7A7}.Debug|Any CPU.ActiveCfg = Debug|Any CPU
		{834FCFCB-5014-4649-96D3-CE39D619F7A7}.Debug|Any CPU.Build.0 = Debug|Any CPU
		{834FCFCB-5014-4649-96D3-CE39D619F7A7}.Release|Any CPU.ActiveCfg = Release|Any CPU
		{834FCFCB-5014-4649-96D3-CE39D619F7A7}.Release|Any CPU.Build.0 = Release|Any CPU
	EndGlobalSection
	GlobalSection(SolutionProperties) = preSolution
		HideSolutionNode = FALSE
	EndGlobalSection
	GlobalSection(ExtensibilityGlobals) = postSolution
		SolutionGuid = {A77AB10A-51D6-412F-AE91-3758CC44E26A}
	EndGlobalSection
EndGlobal
